<?xml version="1.0" encoding="UTF-8"?>
<Project ToolsVersion="14.0" xmlns="http://schemas.microsoft.com/developer/msbuild/2003">
  <ItemGroup>
    <ClCompile Include="E:\xlua-lib-build\luasocket\auxiliar.c">
      <Filter>luasocket</Filter>
    </ClCompile>
    <ClCompile Include="E:\xlua-lib-build\luasocket\buffer.c">
      <Filter>luasocket</Filter>
    </ClCompile>
    <ClCompile Include="E:\xlua-lib-build\luasocket\except.c">
      <Filter>luasocket</Filter>
    </ClCompile>
    <ClCompile Include="E:\xlua-lib-build\luasocket\inet.c">
      <Filter>luasocket</Filter>
    </ClCompile>
    <ClCompile Include="E:\xlua-lib-build\luasocket\io.c">
      <Filter>luasocket</Filter>
    </ClCompile>
    <ClCompile Include="E:\xlua-lib-build\luasocket\luasocket.c">
      <Filter>luasocket</Filter>
    </ClCompile>
    <ClCompile Include="E:\xlua-lib-build\luasocket\mime.c">
      <Filter>luasocket</Filter>
    </ClCompile>
    <ClCompile Include="E:\xlua-lib-build\luasocket\options.c">
      <Filter>luasocket</Filter>
    </ClCompile>
    <ClCompile Include="E:\xlua-lib-build\luasocket\select.c">
      <Filter>luasocket</Filter>
    </ClCompile>
    <ClCompile Include="E:\xlua-lib-build\luasocket\tcp.c">
      <Filter>luasocket</Filter>
    </ClCompile>
    <ClCompile Include="E:\xlua-lib-build\luasocket\timeout.c">
      <Filter>luasocket</Filter>
    </ClCompile>
    <ClCompile Include="E:\xlua-lib-build\luasocket\udp.c">
      <Filter>luasocket</Filter>
    </ClCompile>
    <ClCompile Include="E:\xlua-lib-build\luasocket\wsocket.c">
      <Filter>luasocket</Filter>
    </ClCompile>
    <ClCompile Include="E:\xlua-lib-build\i64lib.c" />
    <ClCompile Include="E:\xlua-lib-build\perflib.c" />
    <ClCompile Include="E:\xlua-lib-build\xlua.c" />
    <ClCompile Include="E:\xlua-lib-build\lua-rapidjson\source\rapidjson.cpp">
      <Filter>Source Files</Filter>
    </ClCompile>
    <ClCompile Include="E:\xlua-lib-build\pbc\src\alloc.c">
      <Filter>Source Files</Filter>
    </ClCompile>
    <ClCompile Include="E:\xlua-lib-build\pbc\src\array.c">
      <Filter>Source Files</Filter>
    </ClCompile>
    <ClCompile Include="E:\xlua-lib-build\pbc\src\bootstrap.c">
      <Filter>Source Files</Filter>
    </ClCompile>
    <ClCompile Include="E:\xlua-lib-build\pbc\src\context.c">
      <Filter>Source Files</Filter>
    </ClCompile>
    <ClCompile Include="E:\xlua-lib-build\pbc\src\decode.c">
      <Filter>Source Files</Filter>
    </ClCompile>
    <ClCompile Include="E:\xlua-lib-build\pbc\src\map.c">
      <Filter>Source Files</Filter>
    </ClCompile>
    <ClCompile Include="E:\xlua-lib-build\pbc\src\pattern.c">
      <Filter>Source Files</Filter>
    </ClCompile>
    <ClCompile Include="E:\xlua-lib-build\pbc\src\proto.c">
      <Filter>Source Files</Filter>
    </ClCompile>
    <ClCompile Include="E:\xlua-lib-build\pbc\src\register.c">
      <Filter>Source Files</Filter>
    </ClCompile>
    <ClCompile Include="E:\xlua-lib-build\pbc\src\rmessage.c">
      <Filter>Source Files</Filter>
    </ClCompile>
    <ClCompile Include="E:\xlua-lib-build\pbc\src\stringpool.c">
      <Filter>Source Files</Filter>
    </ClCompile>
    <ClCompile Include="E:\xlua-lib-build\pbc\src\varint.c">
      <Filter>Source Files</Filter>
    </ClCompile>
    <ClCompile Include="E:\xlua-lib-build\pbc\src\wmessage.c">
      <Filter>Source Files</Filter>
    </ClCompile>
    <ClCompile Include="E:\xlua-lib-build\pbc\binding\lua\pbc-lua.c">
      <Filter>Source Files</Filter>
    </ClCompile>
    <ClCompile Include="E:\xlua-lib-build\lpeg\lpcap.c">
      <Filter>Source Files</Filter>
    </ClCompile>
    <ClCompile Include="E:\xlua-lib-build\lpeg\lpcode.c">
      <Filter>Source Files</Filter>
    </ClCompile>
    <ClCompile Include="E:\xlua-lib-build\lpeg\lpprint.c">
      <Filter>Source Files</Filter>
    </ClCompile>
    <ClCompile Include="E:\xlua-lib-build\lpeg\lptree.c">
      <Filter>Source Files</Filter>
    </ClCompile>
    <ClCompile Include="E:\xlua-lib-build\lpeg\lpvm.c">
      <Filter>Source Files</Filter>
    </ClCompile>
    <ClCompile Include="E:\xlua-lib-build\pb.c">
      <Filter>Source Files</Filter>
    </ClCompile>
  </ItemGroup>
  <ItemGroup>
    <CustomBuild Include="E:\xlua-lib-build\CMakeLists.txt" />
  </ItemGroup>
  <ItemGroup>
    <None Include="E:\xlua-lib-build\pbc" />
  </ItemGroup>
  <ItemGroup>
    <Filter Include="Source Files">
      <UniqueIdentifier>{851D84F7-AA69-38D3-8BE0-4FB28343CB0A}</UniqueIdentifier>
    </Filter>
    <Filter Include="luasocket">
      <UniqueIdentifier>{A293C2AF-4A62-372F-88CF-D0C56480E884}</UniqueIdentifier>
    </Filter>
  </ItemGroup>
</Project>
