Microsoft Visual Studio Solution File, Format Version 12.00
# Visual Studio 14
Project("{8BC9CEB8-8B4A-11D0-8D11-00A0C91BC942}") = "ALL_BUILD", "ALL_BUILD.vcxproj", "{899A44F9-EF04-3977-9D5A-94557FE72269}"
	ProjectSection(ProjectDependencies) = postProject
		{F713FA3A-6E16-3E75-95B5-D19C59734A45} = {F713FA3A-6E16-3E75-95B5-D19C59734A45}
		{E8B73354-DC06-32A6-BA00-D43E951B8827} = {E8B73354-DC06-32A6-BA00-D43E951B8827}
	EndProjectSection
EndProject
Project("{8BC9CEB8-8B4A-11D0-8D11-00A0C91BC942}") = "ZERO_CHECK", "ZERO_CHECK.vcxproj", "{F713FA3A-6E16-3E75-95B5-D19C59734A45}"
	ProjectSection(ProjectDependencies) = postProject
	EndProjectSection
EndProject
Project("{8BC9CEB8-8B4A-11D0-8D11-00A0C91BC942}") = "xlua", "xlua.vcxproj", "{E8B73354-DC06-32A6-BA00-D43E951B8827}"
	ProjectSection(ProjectDependencies) = postProject
		{F713FA3A-6E16-3E75-95B5-D19C59734A45} = {F713FA3A-6E16-3E75-95B5-D19C59734A45}
	EndProjectSection
EndProject
Global
	GlobalSection(SolutionConfigurationPlatforms) = preSolution
		Debug|x64 = Debug|x64
		Release|x64 = Release|x64
		MinSizeRel|x64 = MinSizeRel|x64
		RelWithDebInfo|x64 = RelWithDebInfo|x64
	EndGlobalSection
	GlobalSection(ProjectConfigurationPlatforms) = postSolution
		{899A44F9-EF04-3977-9D5A-94557FE72269}.Debug|x64.ActiveCfg = Debug|x64
		{899A44F9-EF04-3977-9D5A-94557FE72269}.Release|x64.ActiveCfg = Release|x64
		{899A44F9-EF04-3977-9D5A-94557FE72269}.MinSizeRel|x64.ActiveCfg = MinSizeRel|x64
		{899A44F9-EF04-3977-9D5A-94557FE72269}.RelWithDebInfo|x64.ActiveCfg = RelWithDebInfo|x64
		{F713FA3A-6E16-3E75-95B5-D19C59734A45}.Debug|x64.ActiveCfg = Debug|x64
		{F713FA3A-6E16-3E75-95B5-D19C59734A45}.Debug|x64.Build.0 = Debug|x64
		{F713FA3A-6E16-3E75-95B5-D19C59734A45}.Release|x64.ActiveCfg = Release|x64
		{F713FA3A-6E16-3E75-95B5-D19C59734A45}.Release|x64.Build.0 = Release|x64
		{F713FA3A-6E16-3E75-95B5-D19C59734A45}.MinSizeRel|x64.ActiveCfg = MinSizeRel|x64
		{F713FA3A-6E16-3E75-95B5-D19C59734A45}.MinSizeRel|x64.Build.0 = MinSizeRel|x64
		{F713FA3A-6E16-3E75-95B5-D19C59734A45}.RelWithDebInfo|x64.ActiveCfg = RelWithDebInfo|x64
		{F713FA3A-6E16-3E75-95B5-D19C59734A45}.RelWithDebInfo|x64.Build.0 = RelWithDebInfo|x64
		{E8B73354-DC06-32A6-BA00-D43E951B8827}.Debug|x64.ActiveCfg = Debug|x64
		{E8B73354-DC06-32A6-BA00-D43E951B8827}.Debug|x64.Build.0 = Debug|x64
		{E8B73354-DC06-32A6-BA00-D43E951B8827}.Release|x64.ActiveCfg = Release|x64
		{E8B73354-DC06-32A6-BA00-D43E951B8827}.Release|x64.Build.0 = Release|x64
		{E8B73354-DC06-32A6-BA00-D43E951B8827}.MinSizeRel|x64.ActiveCfg = MinSizeRel|x64
		{E8B73354-DC06-32A6-BA00-D43E951B8827}.MinSizeRel|x64.Build.0 = MinSizeRel|x64
		{E8B73354-DC06-32A6-BA00-D43E951B8827}.RelWithDebInfo|x64.ActiveCfg = RelWithDebInfo|x64
		{E8B73354-DC06-32A6-BA00-D43E951B8827}.RelWithDebInfo|x64.Build.0 = RelWithDebInfo|x64
	EndGlobalSection
	GlobalSection(ExtensibilityGlobals) = postSolution
		SolutionGuid = {96824859-2BE8-3911-9158-F9F1EA706C32}
	EndGlobalSection
	GlobalSection(ExtensibilityAddIns) = postSolution
	EndGlobalSection
EndGlobal
